
Microsoft Visual Studio Solution File, Format Version 12.00
# Visual Studio Version 16
VisualStudioVersion = 16.0.28803.156
MinimumVisualStudioVersion = 10.0.40219.1
Project("{9A19103F-16F7-4668-BE54-9A1E7A4F7556}") = "MagicLights.Console", "MagicLights.Console\MagicLights.Console.csproj", "{9DF76727-9740-4FE1-A75C-0A060A238875}"
EndProject
Project("{9A19103F-16F7-4668-BE54-9A1E7A4F7556}") = "MTGADispatcher", "MTGADispatcher\MTGADispatcher.csproj", "{BCC13AE8-1115-4C31-8867-48DE81640444}"
EndProject
Project("{9A19103F-16F7-4668-BE54-9A1E7A4F7556}") = "MTGADispatcher.Specs", "MTGADispatcher.Specs\MTGADispatcher.Specs.csproj", "{E12484B8-1FE6-404F-8BAA-291CAE664EE0}"
EndProject
Project("{9A19103F-16F7-4668-BE54-9A1E7A4F7556}") = "MTGADispatcher.Integration", "MTGADispatcher.Integration\MTGADispatcher.Integration.csproj", "{B6E77CDB-038A-48B4-8BB9-8F6AE9686AFF}"
EndProject
Project("{9A19103F-16F7-4668-BE54-9A1E7A4F7556}") = "LightsApi", "LightsApi\LightsApi.csproj", "{23C1599B-E719-4499-941F-5EAD2CC55A71}"
EndProject
Project("{FAE04EC0-301F-11D3-BF4B-00C04F79EFBC}") = "LightsApi.WinForms", "LightsApi.WinForms\LightsApi.WinForms.csproj", "{30F6364E-3016-43BD-AB40-221B3AE538DA}"
EndProject
Project("{9A19103F-16F7-4668-BE54-9A1E7A4F7556}") = "LightsApi.Hue", "LightsApi.Hue\LightsApi.Hue.csproj", "{58D93BA4-F13E-4F4E-A7F1-1261EE6F037D}"
EndProject
Project("{9A19103F-16F7-4668-BE54-9A1E7A4F7556}") = "LightsApi.Specs", "LightsApi.Specs\LightsApi.Specs.csproj", "{0B001AEF-A11E-4598-9E85-622C83F97CAA}"
EndProject
Project("{9A19103F-16F7-4668-BE54-9A1E7A4F7556}") = "LightsApi.Chroma", "LightsApi.Chroma\LightsApi.Chroma.csproj", "{C4487C19-D9DC-49EA-8F3F-4BF7F4310DCB}"
EndProject
Project("{9A19103F-16F7-4668-BE54-9A1E7A4F7556}") = "MagicLights.Specs", "MagicLights.Specs\MagicLights.Specs.csproj", "{BC8CBEBB-9B57-44B4-BBA7-86E1DDE7C520}"
EndProject
Project("{9A19103F-16F7-4668-BE54-9A1E7A4F7556}") = "MagicLights", "MagicLights\MagicLights.csproj", "{5DD11DDF-1373-4E87-BE09-3A73097DAE93}"
EndProject
Project("{9A19103F-16F7-4668-BE54-9A1E7A4F7556}") = "MagicLights.Integration", "MagicLights.Integration\MagicLights.Integration.csproj", "{77A00A5B-8BDE-40AE-8098-096E80D19A2D}"
EndProject
Project("{9A19103F-16F7-4668-BE54-9A1E7A4F7556}") = "LightsApi.Cue", "LightsApi.Cue\LightsApi.Cue.csproj", "{9521BBFB-274E-446E-8D64-27C68ACEFB50}"
EndProject
Project("{FAE04EC0-301F-11D3-BF4B-00C04F79EFBC}") = "MagicLights.UI", "MagicLights.UI\MagicLights.UI.csproj", "{B69E7716-5B37-4205-93A3-C10C5CBAA2CA}"
EndProject
Global
	GlobalSection(SolutionConfigurationPlatforms) = preSolution
		Debug|Any CPU = Debug|Any CPU
		Release|Any CPU = Release|Any CPU
	EndGlobalSection
	GlobalSection(ProjectConfigurationPlatforms) = postSolution
		{9DF76727-9740-4FE1-A75C-0A060A238875}.Debug|Any CPU.ActiveCfg = Debug|Any CPU
		{9DF76727-9740-4FE1-A75C-0A060A238875}.Debug|Any CPU.Build.0 = Debug|Any CPU
		{9DF76727-9740-4FE1-A75C-0A060A238875}.Release|Any CPU.ActiveCfg = Release|Any CPU
		{9DF76727-9740-4FE1-A75C-0A060A238875}.Release|Any CPU.Build.0 = Release|Any CPU
		{BCC13AE8-1115-4C31-8867-48DE81640444}.Debug|Any CPU.ActiveCfg = Debug|Any CPU
		{BCC13AE8-1115-4C31-8867-48DE81640444}.Debug|Any CPU.Build.0 = Debug|Any CPU
		{BCC13AE8-1115-4C31-8867-48DE81640444}.Release|Any CPU.ActiveCfg = Release|Any CPU
		{BCC13AE8-1115-4C31-8867-48DE81640444}.Release|Any CPU.Build.0 = Release|Any CPU
		{E12484B8-1FE6-404F-8BAA-291CAE664EE0}.Debug|Any CPU.ActiveCfg = Debug|Any CPU
		{E12484B8-1FE6-404F-8BAA-291CAE664EE0}.Debug|Any CPU.Build.0 = Debug|Any CPU
		{E12484B8-1FE6-404F-8BAA-291CAE664EE0}.Release|Any CPU.ActiveCfg = Release|Any CPU
		{E12484B8-1FE6-404F-8BAA-291CAE664EE0}.Release|Any CPU.Build.0 = Release|Any CPU
		{B6E77CDB-038A-48B4-8BB9-8F6AE9686AFF}.Debug|Any CPU.ActiveCfg = Debug|Any CPU
		{B6E77CDB-038A-48B4-8BB9-8F6AE9686AFF}.Debug|Any CPU.Build.0 = Debug|Any CPU
		{B6E77CDB-038A-48B4-8BB9-8F6AE9686AFF}.Release|Any CPU.ActiveCfg = Release|Any CPU
		{B6E77CDB-038A-48B4-8BB9-8F6AE9686AFF}.Release|Any CPU.Build.0 = Release|Any CPU
		{23C1599B-E719-4499-941F-5EAD2CC55A71}.Debug|Any CPU.ActiveCfg = Debug|Any CPU
		{23C1599B-E719-4499-941F-5EAD2CC55A71}.Debug|Any CPU.Build.0 = Debug|Any CPU
		{23C1599B-E719-4499-941F-5EAD2CC55A71}.Release|Any CPU.ActiveCfg = Release|Any CPU
		{23C1599B-E719-4499-941F-5EAD2CC55A71}.Release|Any CPU.Build.0 = Release|Any CPU
		{30F6364E-3016-43BD-AB40-221B3AE538DA}.Debug|Any CPU.ActiveCfg = Debug|Any CPU
		{30F6364E-3016-43BD-AB40-221B3AE538DA}.Debug|Any CPU.Build.0 = Debug|Any CPU
		{30F6364E-3016-43BD-AB40-221B3AE538DA}.Release|Any CPU.ActiveCfg = Release|Any CPU
		{30F6364E-3016-43BD-AB40-221B3AE538DA}.Release|Any CPU.Build.0 = Release|Any CPU
		{58D93BA4-F13E-4F4E-A7F1-1261EE6F037D}.Debug|Any CPU.ActiveCfg = Debug|Any CPU
		{58D93BA4-F13E-4F4E-A7F1-1261EE6F037D}.Debug|Any CPU.Build.0 = Debug|Any CPU
		{58D93BA4-F13E-4F4E-A7F1-1261EE6F037D}.Release|Any CPU.ActiveCfg = Release|Any CPU
		{58D93BA4-F13E-4F4E-A7F1-1261EE6F037D}.Release|Any CPU.Build.0 = Release|Any CPU
		{0B001AEF-A11E-4598-9E85-622C83F97CAA}.Debug|Any CPU.ActiveCfg = Debug|Any CPU
		{0B001AEF-A11E-4598-9E85-622C83F97CAA}.Debug|Any CPU.Build.0 = Debug|Any CPU
		{0B001AEF-A11E-4598-9E85-622C83F97CAA}.Release|Any CPU.ActiveCfg = Release|Any CPU
		{0B001AEF-A11E-4598-9E85-622C83F97CAA}.Release|Any CPU.Build.0 = Release|Any CPU
		{C4487C19-D9DC-49EA-8F3F-4BF7F4310DCB}.Debug|Any CPU.ActiveCfg = Debug|Any CPU
		{C4487C19-D9DC-49EA-8F3F-4BF7F4310DCB}.Debug|Any CPU.Build.0 = Debug|Any CPU
		{C4487C19-D9DC-49EA-8F3F-4BF7F4310DCB}.Release|Any CPU.ActiveCfg = Release|Any CPU
		{C4487C19-D9DC-49EA-8F3F-4BF7F4310DCB}.Release|Any CPU.Build.0 = Release|Any CPU
		{BC8CBEBB-9B57-44B4-BBA7-86E1DDE7C520}.Debug|Any CPU.ActiveCfg = Debug|Any CPU
		{BC8CBEBB-9B57-44B4-BBA7-86E1DDE7C520}.Debug|Any CPU.Build.0 = Debug|Any CPU
		{BC8CBEBB-9B57-44B4-BBA7-86E1DDE7C520}.Release|Any CPU.ActiveCfg = Release|Any CPU
		{BC8CBEBB-9B57-44B4-BBA7-86E1DDE7C520}.Release|Any CPU.Build.0 = Release|Any CPU
		{5DD11DDF-1373-4E87-BE09-3A73097DAE93}.Debug|Any CPU.ActiveCfg = Debug|Any CPU
		{5DD11DDF-1373-4E87-BE09-3A73097DAE93}.Debug|Any CPU.Build.0 = Debug|Any CPU
		{5DD11DDF-1373-4E87-BE09-3A73097DAE93}.Release|Any CPU.ActiveCfg = Release|Any CPU
		{5DD11DDF-1373-4E87-BE09-3A73097DAE93}.Release|Any CPU.Build.0 = Release|Any CPU
		{77A00A5B-8BDE-40AE-8098-096E80D19A2D}.Debug|Any CPU.ActiveCfg = Debug|Any CPU
		{77A00A5B-8BDE-40AE-8098-096E80D19A2D}.Debug|Any CPU.Build.0 = Debug|Any CPU
		{77A00A5B-8BDE-40AE-8098-096E80D19A2D}.Release|Any CPU.ActiveCfg = Release|Any CPU
		{77A00A5B-8BDE-40AE-8098-096E80D19A2D}.Release|Any CPU.Build.0 = Release|Any CPU
		{9521BBFB-274E-446E-8D64-27C68ACEFB50}.Debug|Any CPU.ActiveCfg = Debug|Any CPU
		{9521BBFB-274E-446E-8D64-27C68ACEFB50}.Debug|Any CPU.Build.0 = Debug|Any CPU
		{9521BBFB-274E-446E-8D64-27C68ACEFB50}.Release|Any CPU.ActiveCfg = Release|Any CPU
		{9521BBFB-274E-446E-8D64-27C68ACEFB50}.Release|Any CPU.Build.0 = Release|Any CPU
		{B69E7716-5B37-4205-93A3-C10C5CBAA2CA}.Debug|Any CPU.ActiveCfg = Debug|Any CPU
		{B69E7716-5B37-4205-93A3-C10C5CBAA2CA}.Debug|Any CPU.Build.0 = Debug|Any CPU
		{B69E7716-5B37-4205-93A3-C10C5CBAA2CA}.Release|Any CPU.ActiveCfg = Release|Any CPU
		{B69E7716-5B37-4205-93A3-C10C5CBAA2CA}.Release|Any CPU.Build.0 = Release|Any CPU
	EndGlobalSection
	GlobalSection(SolutionProperties) = preSolution
		HideSolutionNode = FALSE
	EndGlobalSection
	GlobalSection(ExtensibilityGlobals) = postSolution
		SolutionGuid = {9D023822-E65D-4FA5-826B-486594CA36B1}
	EndGlobalSection
EndGlobal
